{
  "name": "@victorqueiroz/redux-effect",
  "version": "0.0.7",
  "lockfileVersion": 3,
  "requires": true,
  "packages": {
    "": {
      "name": "@victorqueiroz/redux-effect",
      "version": "0.0.7",
      "license": "UNLICENSED",
      "dependencies": {
        "eventual-js": "^0.0.11",
        "redux": "^4.2.1"
      },
      "devDependencies": {
        "typescript": "^5.1.6"
      }
    },
    "node_modules/@babel/runtime": {
      "version": "7.22.6",
      "resolved": "https://registry.npmjs.org/@babel/runtime/-/runtime-7.22.6.tgz",
      "integrity": "sha512-wDb5pWm4WDdF6LFUde3Jl8WzPA+3ZbxYqkC6xAXuD3irdEHN1k0NfTRrJD8ZD378SJ61miMLCqIOXYhd8x+AJQ==",
      "dependencies": {
        "regenerator-runtime": "^0.13.11"
      },
      "engines": {
        "node": ">=6.9.0"
      }
    },
    "node_modules/@jscriptlogger/lib": {
      "version": "0.0.16",
      "resolved": "https://registry.npmjs.org/@jscriptlogger/lib/-/lib-0.0.16.tgz",
      "integrity": "sha512-MQpEctYEo1FViirSzxz70onF/6dbYVXhCrGWk7Lv+L5BPrycoROxG6uITuoT/khRnYKpP/tEd/uxP3rTVUa8yg==",
      "dependencies": {
        "autobind-decorator": "^2.4.0",
        "jsbuffer": "0.x",
        "long": "5.x"
      }
    },
    "node_modules/autobind-decorator": {
      "version": "2.4.0",
      "resolved": "https://registry.npmjs.org/autobind-decorator/-/autobind-decorator-2.4.0.tgz",
      "integrity": "sha512-OGYhWUO72V6DafbF8PM8rm3EPbfuyMZcJhtm5/n26IDwO18pohE4eNazLoCGhPiXOCD0gEGmrbU3849QvM8bbw==",
      "engines": {
        "node": ">=8.10",
        "npm": ">=6.4.1"
      }
    },
    "node_modules/cli-argument-helper": {
      "version": "0.0.8",
      "resolved": "https://registry.npmjs.org/cli-argument-helper/-/cli-argument-helper-0.0.8.tgz",
      "integrity": "sha512-LeJLmEkUNXVfFpaxpll5VAQJHph2+QYMPE6445fLbe3YG89ckRp88yjdQ62hTpTCzQFBjg/opy6wbnYSgK1gxA=="
    },
    "node_modules/crc": {
      "version": "4.3.2",
      "resolved": "https://registry.npmjs.org/crc/-/crc-4.3.2.tgz",
      "integrity": "sha512-uGDHf4KLLh2zsHa8D8hIQ1H/HtFQhyHrc0uhHBcoKGol/Xnb+MPYfUMw7cvON6ze/GUESTudKayDcJC5HnJv1A==",
      "engines": {
        "node": ">=12"
      },
      "peerDependencies": {
        "buffer": ">=6.0.3"
      },
      "peerDependenciesMeta": {
        "buffer": {
          "optional": true
        }
      }
    },
    "node_modules/eventual-js": {
      "version": "0.0.11",
      "resolved": "https://registry.npmjs.org/eventual-js/-/eventual-js-0.0.11.tgz",
      "integrity": "sha512-xGbcr06eLiYPm1594ZxZ8b3GvMhvbJ4w8CAs5mccUXXFDn/RUp/+VPKrX5Px5RnKu0oxaoPRKaAKAU9KnTQkvg==",
      "dependencies": {
        "@jscriptlogger/lib": "0.x"
      }
    },
    "node_modules/jsbi": {
      "version": "4.3.0",
      "resolved": "https://registry.npmjs.org/jsbi/-/jsbi-4.3.0.tgz",
      "integrity": "sha512-SnZNcinB4RIcnEyZqFPdGPVgrg2AcnykiBy0sHVJQKHYeaLUvi3Exj+iaPpLnFVkDPZIV4U0yvgC9/R4uEAZ9g=="
    },
    "node_modules/jsbuffer": {
      "version": "0.0.75",
      "resolved": "https://registry.npmjs.org/jsbuffer/-/jsbuffer-0.0.75.tgz",
      "integrity": "sha512-uRLhzWhANOCGdd7QQLO9MGxwmHExnjMkcwtVTKe/dvsPiJOrtdZyj5Ktbr9PgDsGO3YQ0/7+VXbKyrVqPXiLyA==",
      "dependencies": {
        "cli-argument-helper": "0.x",
        "crc": "4.x",
        "jsbi": "4.x",
        "long": "5.x",
        "textstreamjs": "0.x"
      },
      "bin": {
        "jsbuffer": "cli/index.js"
      }
    },
    "node_modules/long": {
      "version": "5.2.3",
      "resolved": "https://registry.npmjs.org/long/-/long-5.2.3.tgz",
      "integrity": "sha512-lcHwpNoggQTObv5apGNCTdJrO69eHOZMi4BNC+rTLER8iHAqGrUVeLh/irVIM7zTw2bOXA8T6uNPeujwOLg/2Q=="
    },
    "node_modules/redux": {
      "version": "4.2.1",
      "resolved": "https://registry.npmjs.org/redux/-/redux-4.2.1.tgz",
      "integrity": "sha512-LAUYz4lc+Do8/g7aeRa8JkyDErK6ekstQaqWQrNRW//MY1TvCEpMtpTWvlQ+FPbWCx+Xixu/6SHt5N0HR+SB4w==",
      "dependencies": {
        "@babel/runtime": "^7.9.2"
      }
    },
    "node_modules/regenerator-runtime": {
      "version": "0.13.11",
      "resolved": "https://registry.npmjs.org/regenerator-runtime/-/regenerator-runtime-0.13.11.tgz",
      "integrity": "sha512-kY1AZVr2Ra+t+piVaJ4gxaFaReZVH40AKNo7UCX6W+dEwBo/2oZJzqfuN1qLq1oL45o56cPaTXELwrTh8Fpggg=="
    },
    "node_modules/textstreamjs": {
      "version": "0.0.4",
      "resolved": "https://registry.npmjs.org/textstreamjs/-/textstreamjs-0.0.4.tgz",
      "integrity": "sha512-kp2S5F1IAceUgtYmHvENzDbPSLlNTBw9REAz3QOCEm08Q7rGsu/4zf6sw0dfAlB3nT61oBtVB6S4AYweVspzUg=="
    },
    "node_modules/typescript": {
      "version": "5.1.6",
      "resolved": "https://registry.npmjs.org/typescript/-/typescript-5.1.6.tgz",
      "integrity": "sha512-zaWCozRZ6DLEWAWFrVDz1H6FVXzUSfTy5FUMWsQlU8Ym5JP9eO4xkTIROFCQvhQf61z6O/G6ugw3SgAnvvm+HA==",
      "dev": true,
      "bin": {
        "tsc": "bin/tsc",
        "tsserver": "bin/tsserver"
      },
      "engines": {
        "node": ">=14.17"
      }
    }
  }
}
